
Microsoft Visual Studio Solution File, Format Version 12.00
# Visual Studio 14
VisualStudioVersion = 14.0.25420.1
MinimumVisualStudioVersion = 10.0.40219.1
Project("{FAE04EC0-301F-11D3-BF4B-00C04F79EFBC}") = "LottieApp.Android", "LottieApp\LottieApp.Android\LottieApp.Android.csproj", "{2FDB4F41-C3EC-4018-A1D6-BBFD8720577E}"
EndProject
Project("{FAE04EC0-301F-11D3-BF4B-00C04F79EFBC}") = "LottieApp", "LottieApp\LottieApp\LottieApp.csproj", "{EC0AF8BC-AFB9-44FB-B4F4-F3444EE91D70}"
EndProject
Project("{FAE04EC0-301F-11D3-BF4B-00C04F79EFBC}") = "LottieApp.iOS", "LottieApp\LottieApp.iOS\LottieApp.iOS.csproj", "{536066AB-FF69-480A-8998-4287166FB708}"
EndProject
Global
	GlobalSection(SolutionConfigurationPlatforms) = preSolution
		Ad-Hoc|Any CPU = Ad-Hoc|Any CPU
		Ad-Hoc|iPhone = Ad-Hoc|iPhone
		Ad-Hoc|iPhoneSimulator = Ad-Hoc|iPhoneSimulator
		AppStore|Any CPU = AppStore|Any CPU
		AppStore|iPhone = AppStore|iPhone
		AppStore|iPhoneSimulator = AppStore|iPhoneSimulator
		Debug|Any CPU = Debug|Any CPU
		Debug|iPhone = Debug|iPhone
		Debug|iPhoneSimulator = Debug|iPhoneSimulator
		Release|Any CPU = Release|Any CPU
		Release|iPhone = Release|iPhone
		Release|iPhoneSimulator = Release|iPhoneSimulator
	EndGlobalSection
	GlobalSection(ProjectConfigurationPlatforms) = postSolution
		{2FDB4F41-C3EC-4018-A1D6-BBFD8720577E}.Ad-Hoc|Any CPU.ActiveCfg = Release|Any CPU
		{2FDB4F41-C3EC-4018-A1D6-BBFD8720577E}.Ad-Hoc|Any CPU.Build.0 = Release|Any CPU
		{2FDB4F41-C3EC-4018-A1D6-BBFD8720577E}.Ad-Hoc|Any CPU.Deploy.0 = Release|Any CPU
		{2FDB4F41-C3EC-4018-A1D6-BBFD8720577E}.Ad-Hoc|iPhone.ActiveCfg = Release|Any CPU
		{2FDB4F41-C3EC-4018-A1D6-BBFD8720577E}.Ad-Hoc|iPhone.Build.0 = Release|Any CPU
		{2FDB4F41-C3EC-4018-A1D6-BBFD8720577E}.Ad-Hoc|iPhone.Deploy.0 = Release|Any CPU
		{2FDB4F41-C3EC-4018-A1D6-BBFD8720577E}.Ad-Hoc|iPhoneSimulator.ActiveCfg = Release|Any CPU
		{2FDB4F41-C3EC-4018-A1D6-BBFD8720577E}.Ad-Hoc|iPhoneSimulator.Build.0 = Release|Any CPU
		{2FDB4F41-C3EC-4018-A1D6-BBFD8720577E}.Ad-Hoc|iPhoneSimulator.Deploy.0 = Release|Any CPU
		{2FDB4F41-C3EC-4018-A1D6-BBFD8720577E}.AppStore|Any CPU.ActiveCfg = Release|Any CPU
		{2FDB4F41-C3EC-4018-A1D6-BBFD8720577E}.AppStore|Any CPU.Build.0 = Release|Any CPU
		{2FDB4F41-C3EC-4018-A1D6-BBFD8720577E}.AppStore|Any CPU.Deploy.0 = Release|Any CPU
		{2FDB4F41-C3EC-4018-A1D6-BBFD8720577E}.AppStore|iPhone.ActiveCfg = Release|Any CPU
		{2FDB4F41-C3EC-4018-A1D6-BBFD8720577E}.AppStore|iPhone.Build.0 = Release|Any CPU
		{2FDB4F41-C3EC-4018-A1D6-BBFD8720577E}.AppStore|iPhone.Deploy.0 = Release|Any CPU
		{2FDB4F41-C3EC-4018-A1D6-BBFD8720577E}.AppStore|iPhoneSimulator.ActiveCfg = Release|Any CPU
		{2FDB4F41-C3EC-4018-A1D6-BBFD8720577E}.AppStore|iPhoneSimulator.Build.0 = Release|Any CPU
		{2FDB4F41-C3EC-4018-A1D6-BBFD8720577E}.AppStore|iPhoneSimulator.Deploy.0 = Release|Any CPU
		{2FDB4F41-C3EC-4018-A1D6-BBFD8720577E}.Debug|Any CPU.ActiveCfg = Debug|Any CPU
		{2FDB4F41-C3EC-4018-A1D6-BBFD8720577E}.Debug|Any CPU.Build.0 = Debug|Any CPU
		{2FDB4F41-C3EC-4018-A1D6-BBFD8720577E}.Debug|Any CPU.Deploy.0 = Debug|Any CPU
		{2FDB4F41-C3EC-4018-A1D6-BBFD8720577E}.Debug|iPhone.ActiveCfg = Debug|Any CPU
		{2FDB4F41-C3EC-4018-A1D6-BBFD8720577E}.Debug|iPhone.Build.0 = Debug|Any CPU
		{2FDB4F41-C3EC-4018-A1D6-BBFD8720577E}.Debug|iPhone.Deploy.0 = Debug|Any CPU
		{2FDB4F41-C3EC-4018-A1D6-BBFD8720577E}.Debug|iPhoneSimulator.ActiveCfg = Debug|Any CPU
		{2FDB4F41-C3EC-4018-A1D6-BBFD8720577E}.Debug|iPhoneSimulator.Build.0 = Debug|Any CPU
		{2FDB4F41-C3EC-4018-A1D6-BBFD8720577E}.Debug|iPhoneSimulator.Deploy.0 = Debug|Any CPU
		{2FDB4F41-C3EC-4018-A1D6-BBFD8720577E}.Release|Any CPU.ActiveCfg = Release|Any CPU
		{2FDB4F41-C3EC-4018-A1D6-BBFD8720577E}.Release|Any CPU.Build.0 = Release|Any CPU
		{2FDB4F41-C3EC-4018-A1D6-BBFD8720577E}.Release|Any CPU.Deploy.0 = Release|Any CPU
		{2FDB4F41-C3EC-4018-A1D6-BBFD8720577E}.Release|iPhone.ActiveCfg = Release|Any CPU
		{2FDB4F41-C3EC-4018-A1D6-BBFD8720577E}.Release|iPhone.Build.0 = Release|Any CPU
		{2FDB4F41-C3EC-4018-A1D6-BBFD8720577E}.Release|iPhone.Deploy.0 = Release|Any CPU
		{2FDB4F41-C3EC-4018-A1D6-BBFD8720577E}.Release|iPhoneSimulator.ActiveCfg = Release|Any CPU
		{2FDB4F41-C3EC-4018-A1D6-BBFD8720577E}.Release|iPhoneSimulator.Build.0 = Release|Any CPU
		{2FDB4F41-C3EC-4018-A1D6-BBFD8720577E}.Release|iPhoneSimulator.Deploy.0 = Release|Any CPU
		{EC0AF8BC-AFB9-44FB-B4F4-F3444EE91D70}.Ad-Hoc|Any CPU.ActiveCfg = Release|Any CPU
		{EC0AF8BC-AFB9-44FB-B4F4-F3444EE91D70}.Ad-Hoc|Any CPU.Build.0 = Release|Any CPU
		{EC0AF8BC-AFB9-44FB-B4F4-F3444EE91D70}.Ad-Hoc|iPhone.ActiveCfg = Release|Any CPU
		{EC0AF8BC-AFB9-44FB-B4F4-F3444EE91D70}.Ad-Hoc|iPhone.Build.0 = Release|Any CPU
		{EC0AF8BC-AFB9-44FB-B4F4-F3444EE91D70}.Ad-Hoc|iPhoneSimulator.ActiveCfg = Release|Any CPU
		{EC0AF8BC-AFB9-44FB-B4F4-F3444EE91D70}.Ad-Hoc|iPhoneSimulator.Build.0 = Release|Any CPU
		{EC0AF8BC-AFB9-44FB-B4F4-F3444EE91D70}.AppStore|Any CPU.ActiveCfg = Release|Any CPU
		{EC0AF8BC-AFB9-44FB-B4F4-F3444EE91D70}.AppStore|Any CPU.Build.0 = Release|Any CPU
		{EC0AF8BC-AFB9-44FB-B4F4-F3444EE91D70}.AppStore|iPhone.ActiveCfg = Release|Any CPU
		{EC0AF8BC-AFB9-44FB-B4F4-F3444EE91D70}.AppStore|iPhone.Build.0 = Release|Any CPU
		{EC0AF8BC-AFB9-44FB-B4F4-F3444EE91D70}.AppStore|iPhoneSimulator.ActiveCfg = Release|Any CPU
		{EC0AF8BC-AFB9-44FB-B4F4-F3444EE91D70}.AppStore|iPhoneSimulator.Build.0 = Release|Any CPU
		{EC0AF8BC-AFB9-44FB-B4F4-F3444EE91D70}.Debug|Any CPU.ActiveCfg = Debug|Any CPU
		{EC0AF8BC-AFB9-44FB-B4F4-F3444EE91D70}.Debug|Any CPU.Build.0 = Debug|Any CPU
		{EC0AF8BC-AFB9-44FB-B4F4-F3444EE91D70}.Debug|iPhone.ActiveCfg = Debug|Any CPU
		{EC0AF8BC-AFB9-44FB-B4F4-F3444EE91D70}.Debug|iPhone.Build.0 = Debug|Any CPU
		{EC0AF8BC-AFB9-44FB-B4F4-F3444EE91D70}.Debug|iPhoneSimulator.ActiveCfg = Debug|Any CPU
		{EC0AF8BC-AFB9-44FB-B4F4-F3444EE91D70}.Debug|iPhoneSimulator.Build.0 = Debug|Any CPU
		{EC0AF8BC-AFB9-44FB-B4F4-F3444EE91D70}.Release|Any CPU.ActiveCfg = Release|Any CPU
		{EC0AF8BC-AFB9-44FB-B4F4-F3444EE91D70}.Release|Any CPU.Build.0 = Release|Any CPU
		{EC0AF8BC-AFB9-44FB-B4F4-F3444EE91D70}.Release|iPhone.ActiveCfg = Release|Any CPU
		{EC0AF8BC-AFB9-44FB-B4F4-F3444EE91D70}.Release|iPhone.Build.0 = Release|Any CPU
		{EC0AF8BC-AFB9-44FB-B4F4-F3444EE91D70}.Release|iPhoneSimulator.ActiveCfg = Release|Any CPU
		{EC0AF8BC-AFB9-44FB-B4F4-F3444EE91D70}.Release|iPhoneSimulator.Build.0 = Release|Any CPU
		{536066AB-FF69-480A-8998-4287166FB708}.Ad-Hoc|Any CPU.ActiveCfg = Ad-Hoc|iPhone
		{536066AB-FF69-480A-8998-4287166FB708}.Ad-Hoc|iPhone.ActiveCfg = Ad-Hoc|iPhone
		{536066AB-FF69-480A-8998-4287166FB708}.Ad-Hoc|iPhone.Build.0 = Ad-Hoc|iPhone
		{536066AB-FF69-480A-8998-4287166FB708}.Ad-Hoc|iPhoneSimulator.ActiveCfg = Ad-Hoc|iPhoneSimulator
		{536066AB-FF69-480A-8998-4287166FB708}.Ad-Hoc|iPhoneSimulator.Build.0 = Ad-Hoc|iPhoneSimulator
		{536066AB-FF69-480A-8998-4287166FB708}.AppStore|Any CPU.ActiveCfg = AppStore|iPhone
		{536066AB-FF69-480A-8998-4287166FB708}.AppStore|iPhone.ActiveCfg = AppStore|iPhone
		{536066AB-FF69-480A-8998-4287166FB708}.AppStore|iPhone.Build.0 = AppStore|iPhone
		{536066AB-FF69-480A-8998-4287166FB708}.AppStore|iPhoneSimulator.ActiveCfg = AppStore|iPhoneSimulator
		{536066AB-FF69-480A-8998-4287166FB708}.AppStore|iPhoneSimulator.Build.0 = AppStore|iPhoneSimulator
		{536066AB-FF69-480A-8998-4287166FB708}.Debug|Any CPU.ActiveCfg = Debug|iPhone
		{536066AB-FF69-480A-8998-4287166FB708}.Debug|iPhone.ActiveCfg = Debug|iPhone
		{536066AB-FF69-480A-8998-4287166FB708}.Debug|iPhone.Build.0 = Debug|iPhone
		{536066AB-FF69-480A-8998-4287166FB708}.Debug|iPhoneSimulator.ActiveCfg = Debug|iPhoneSimulator
		{536066AB-FF69-480A-8998-4287166FB708}.Debug|iPhoneSimulator.Build.0 = Debug|iPhoneSimulator
		{536066AB-FF69-480A-8998-4287166FB708}.Release|Any CPU.ActiveCfg = Release|iPhone
		{536066AB-FF69-480A-8998-4287166FB708}.Release|iPhone.ActiveCfg = Release|iPhone
		{536066AB-FF69-480A-8998-4287166FB708}.Release|iPhone.Build.0 = Release|iPhone
		{536066AB-FF69-480A-8998-4287166FB708}.Release|iPhoneSimulator.ActiveCfg = Release|iPhoneSimulator
		{536066AB-FF69-480A-8998-4287166FB708}.Release|iPhoneSimulator.Build.0 = Release|iPhoneSimulator
	EndGlobalSection
	GlobalSection(SolutionProperties) = preSolution
		HideSolutionNode = FALSE
	EndGlobalSection
EndGlobal
